
Microsoft Visual Studio Solution File, Format Version 12.00
# Visual Studio Version 17
VisualStudioVersion = 17.10.35122.118
MinimumVisualStudioVersion = 10.0.40219.1
Project("{FAE04EC0-301F-11D3-BF4B-00C04F79EFBC}") = "PatikaListTask2", "PatikaListTask2.csproj", "{B8D5439C-13A2-46CE-A11B-3E8B7FBF869D}"
EndProject
Global
	GlobalSection(SolutionConfigurationPlatforms) = preSolution
		Debug|Any CPU = Debug|Any CPU
		Release|Any CPU = Release|Any CPU
	EndGlobalSection
	GlobalSection(ProjectConfigurationPlatforms) = postSolution
		{B8D5439C-13A2-46CE-A11B-3E8B7FBF869D}.Debug|Any CPU.ActiveCfg = Debug|Any CPU
		{B8D5439C-13A2-46CE-A11B-3E8B7FBF869D}.Debug|Any CPU.Build.0 = Debug|Any CPU
		{B8D5439C-13A2-46CE-A11B-3E8B7FBF869D}.Release|Any CPU.ActiveCfg = Release|Any CPU
		{B8D5439C-13A2-46CE-A11B-3E8B7FBF869D}.Release|Any CPU.Build.0 = Release|Any CPU
	EndGlobalSection
	GlobalSection(SolutionProperties) = preSolution
		HideSolutionNode = FALSE
	EndGlobalSection
	GlobalSection(ExtensibilityGlobals) = postSolution
		SolutionGuid = {F637BA37-D1DA-4C72-AF69-30723831EF71}
	EndGlobalSection
EndGlobal
